
Microsoft Visual Studio Solution File, Format Version 12.00
# Visual Studio Version 16
VisualStudioVersion = 16.0.30309.148
MinimumVisualStudioVersion = 10.0.40219.1
Project("{FAE04EC0-301F-11D3-BF4B-00C04F79EFBC}") = "LoopsTutorial", "LoopsTutorial\LoopsTutorial.csproj", "{0EAF934E-9AD5-4516-8E36-1AC8D6DC5458}"
EndProject
Global
	GlobalSection(SolutionConfigurationPlatforms) = preSolution
		Debug|Any CPU = Debug|Any CPU
		Release|Any CPU = Release|Any CPU
	EndGlobalSection
	GlobalSection(ProjectConfigurationPlatforms) = postSolution
		{0EAF934E-9AD5-4516-8E36-1AC8D6DC5458}.Debug|Any CPU.ActiveCfg = Debug|Any CPU
		{0EAF934E-9AD5-4516-8E36-1AC8D6DC5458}.Debug|Any CPU.Build.0 = Debug|Any CPU
		{0EAF934E-9AD5-4516-8E36-1AC8D6DC5458}.Release|Any CPU.ActiveCfg = Release|Any CPU
		{0EAF934E-9AD5-4516-8E36-1AC8D6DC5458}.Release|Any CPU.Build.0 = Release|Any CPU
	EndGlobalSection
	GlobalSection(SolutionProperties) = preSolution
		HideSolutionNode = FALSE
	EndGlobalSection
	GlobalSection(ExtensibilityGlobals) = postSolution
		SolutionGuid = {FF486F6A-50AD-414D-93C2-483B49D4CC45}
	EndGlobalSection
EndGlobal
